<Solution>
  <Folder Name="/samples/">
    <Project Path="samples/QuickStart/QuickStart.csproj" />
  </Folder>
  <Folder Name="/src/">
    <Project Path="src/InventoryCore/InventoryCore.csproj" />
  </Folder>
  <Folder Name="/tests/">
    <Project Path="tests/InventoryCore.Tests/InventoryCore.Tests.csproj" />
  </Folder>
</Solution>
